# This file is automatically generated from Nix configuration. Do not edit directly.

jobs:
  update:
    runs-on: ubuntu-latest
    steps:
      - uses: actions/checkout@v4
      - uses: DeterminateSystems/determinate-nix-action@v3
      - name: Update flake.lock
        uses: DeterminateSystems/update-flake-lock@main
        with:
          pr-labels: |-
            dependencies
            automated
          pr-title: 'chore: update flake.lock'
name: Update flake.lock
"on":
  schedule:
    - cron: 0 0 * * 0
  workflow_dispatch: {}
permissions:
  contents: write
  id-token: write
  pull-requests: write
